
Microsoft Visual Studio Solution File, Format Version 12.00
# Visual Studio Version 16
VisualStudioVersion = 16.0.32126.315
MinimumVisualStudioVersion = 10.0.40219.1
Project("{FAE04EC0-301F-11D3-BF4B-00C04F79EFBC}") = "BackendFirstTest", "BackendFirstTest\BackendFirstTest.csproj", "{09482848-4D51-4E27-837B-94C91C4FB5BA}"
EndProject
Global
	GlobalSection(SolutionConfigurationPlatforms) = preSolution
		Debug|Any CPU = Debug|Any CPU
		Release|Any CPU = Release|Any CPU
	EndGlobalSection
	GlobalSection(ProjectConfigurationPlatforms) = postSolution
		{09482848-4D51-4E27-837B-94C91C4FB5BA}.Debug|Any CPU.ActiveCfg = Debug|Any CPU
		{09482848-4D51-4E27-837B-94C91C4FB5BA}.Debug|Any CPU.Build.0 = Debug|Any CPU
		{09482848-4D51-4E27-837B-94C91C4FB5BA}.Release|Any CPU.ActiveCfg = Release|Any CPU
		{09482848-4D51-4E27-837B-94C91C4FB5BA}.Release|Any CPU.Build.0 = Release|Any CPU
	EndGlobalSection
	GlobalSection(SolutionProperties) = preSolution
		HideSolutionNode = FALSE
	EndGlobalSection
	GlobalSection(ExtensibilityGlobals) = postSolution
		SolutionGuid = {6F48FF0F-483B-475D-AC2F-C439C25932A3}
	EndGlobalSection
EndGlobal
